# This file is autogenerated, do not edit; changes may be undone by the next 'dep ensure'.


[[projects]]
  branch = "master"
  name = "github.com/gen2brain/beeep"
  packages = ["."]
  revision = "4e430518395f1fa4d699f30e8d9420218dd311cd"

[[projects]]
  name = "github.com/godbus/dbus"
  packages = ["."]
  revision = "66d97aec3384421e393c2a76b770a1b5c31d07a8"
  version = "v5.0"

[[projects]]
  branch = "master"
  name = "github.com/gopherjs/gopherjs"
  packages = ["js"]
  revision = "d547d1d9531ed93dbdebcbff7f83e7c876a1e0ee"

[[projects]]
  name = "github.com/gopherjs/gopherwasm"
  packages = ["js"]
  revision = "b0e1786f520333e4546f02930c5ca8a929b38841"
  version = "v1.0.1"

[[projects]]
  branch = "master"
  name = "github.com/nu7hatch/gouuid"
  packages = ["."]
  revision = "179d4d0c4d8d407a32af483c2354df1d2c91e6c3"

[[projects]]
  name = "github.com/urfave/cli"
  packages = ["."]
  revision = "cfb38830724cc34fedffe9a2a29fb54fa9169cd1"
  version = "v1.20.0"

[[projects]]
  branch = "master"
  name = "golang.org/x/sys"
  packages = [
    "windows",
    "windows/registry"
  ]
  revision = "93218def8b18e66adbdab3eca8ec334700329f1f"

[[projects]]
  branch = "v1"
  name = "gopkg.in/toast.v1"
  packages = ["."]
  revision = "0a84660828b24d25b35525c9a1f1f51267f8da91"

[solve-meta]
  analyzer-name = "dep"
  analyzer-version = 1
  inputs-digest = "9ff7763f16c6c4fe1c76feeb90f6e40d23ad746a50324d15bedc76a79d6cd86b"
  solver-name = "gps-cdcl"
  solver-version = 1
